
Microsoft Visual Studio Solution File, Format Version 12.00
# Visual Studio Version 17
VisualStudioVersion = 17.3.32825.248
MinimumVisualStudioVersion = 10.0.40219.1
Project("{FAE04EC0-301F-11D3-BF4B-00C04F79EFBC}") = "lojaonline-prova-cleysonsilva", "lojaonline-prova-cleysonsilva.csproj", "{EB00B25B-AFFC-48CB-8DC6-0E5E5102D4B7}"
EndProject
Global
	GlobalSection(SolutionConfigurationPlatforms) = preSolution
		Debug|Any CPU = Debug|Any CPU
		Release|Any CPU = Release|Any CPU
	EndGlobalSection
	GlobalSection(ProjectConfigurationPlatforms) = postSolution
		{EB00B25B-AFFC-48CB-8DC6-0E5E5102D4B7}.Debug|Any CPU.ActiveCfg = Debug|Any CPU
		{EB00B25B-AFFC-48CB-8DC6-0E5E5102D4B7}.Debug|Any CPU.Build.0 = Debug|Any CPU
		{EB00B25B-AFFC-48CB-8DC6-0E5E5102D4B7}.Release|Any CPU.ActiveCfg = Release|Any CPU
		{EB00B25B-AFFC-48CB-8DC6-0E5E5102D4B7}.Release|Any CPU.Build.0 = Release|Any CPU
	EndGlobalSection
	GlobalSection(SolutionProperties) = preSolution
		HideSolutionNode = FALSE
	EndGlobalSection
	GlobalSection(ExtensibilityGlobals) = postSolution
		SolutionGuid = {CD12F4CC-121A-4D07-9601-853118CA7EB2}
	EndGlobalSection
EndGlobal
