
Microsoft Visual Studio Solution File, Format Version 12.00
# Visual Studio Version 17
VisualStudioVersion = 17.3.32819.101
MinimumVisualStudioVersion = 10.0.40219.1
Project("{FAE04EC0-301F-11D3-BF4B-00C04F79EFBC}") = "Calculadora", "Calculadora.csproj", "{8629115A-4818-4674-AB16-1E8310F49ED5}"
EndProject
Global
	GlobalSection(SolutionConfigurationPlatforms) = preSolution
		Debug|Any CPU = Debug|Any CPU
		Release|Any CPU = Release|Any CPU
	EndGlobalSection
	GlobalSection(ProjectConfigurationPlatforms) = postSolution
		{8629115A-4818-4674-AB16-1E8310F49ED5}.Debug|Any CPU.ActiveCfg = Debug|Any CPU
		{8629115A-4818-4674-AB16-1E8310F49ED5}.Debug|Any CPU.Build.0 = Debug|Any CPU
		{8629115A-4818-4674-AB16-1E8310F49ED5}.Release|Any CPU.ActiveCfg = Release|Any CPU
		{8629115A-4818-4674-AB16-1E8310F49ED5}.Release|Any CPU.Build.0 = Release|Any CPU
	EndGlobalSection
	GlobalSection(SolutionProperties) = preSolution
		HideSolutionNode = FALSE
	EndGlobalSection
	GlobalSection(ExtensibilityGlobals) = postSolution
		SolutionGuid = {E47F4126-DD8B-4B78-B1AE-344CE096751E}
	EndGlobalSection
EndGlobal
