
Microsoft Visual Studio Solution File, Format Version 12.00
# Visual Studio Version 17
VisualStudioVersion = 17.3.32819.101
MinimumVisualStudioVersion = 10.0.40219.1
Project("{FAE04EC0-301F-11D3-BF4B-00C04F79EFBC}") = "Exemplo01-Conexao-DB", "Exemplo01-Conexao-DB.csproj", "{F6DE46CE-53AA-40D2-BEBB-B65C9249E743}"
EndProject
Global
	GlobalSection(SolutionConfigurationPlatforms) = preSolution
		Debug|Any CPU = Debug|Any CPU
		Release|Any CPU = Release|Any CPU
	EndGlobalSection
	GlobalSection(ProjectConfigurationPlatforms) = postSolution
		{F6DE46CE-53AA-40D2-BEBB-B65C9249E743}.Debug|Any CPU.ActiveCfg = Debug|Any CPU
		{F6DE46CE-53AA-40D2-BEBB-B65C9249E743}.Debug|Any CPU.Build.0 = Debug|Any CPU
		{F6DE46CE-53AA-40D2-BEBB-B65C9249E743}.Release|Any CPU.ActiveCfg = Release|Any CPU
		{F6DE46CE-53AA-40D2-BEBB-B65C9249E743}.Release|Any CPU.Build.0 = Release|Any CPU
	EndGlobalSection
	GlobalSection(SolutionProperties) = preSolution
		HideSolutionNode = FALSE
	EndGlobalSection
	GlobalSection(ExtensibilityGlobals) = postSolution
		SolutionGuid = {7B80C998-B23C-4552-B7F1-F915D7E9921B}
	EndGlobalSection
EndGlobal
