
Microsoft Visual Studio Solution File, Format Version 12.00
# Visual Studio Version 17
VisualStudioVersion = 17.3.32819.101
MinimumVisualStudioVersion = 10.0.40219.1
Project("{FAE04EC0-301F-11D3-BF4B-00C04F79EFBC}") = "Exemplo02-MDI", "Exemplo02-MDI.csproj", "{D2113EEB-3FD1-4B6E-A2C1-41CCAB8E9A28}"
EndProject
Global
	GlobalSection(SolutionConfigurationPlatforms) = preSolution
		Debug|Any CPU = Debug|Any CPU
		Release|Any CPU = Release|Any CPU
	EndGlobalSection
	GlobalSection(ProjectConfigurationPlatforms) = postSolution
		{D2113EEB-3FD1-4B6E-A2C1-41CCAB8E9A28}.Debug|Any CPU.ActiveCfg = Debug|Any CPU
		{D2113EEB-3FD1-4B6E-A2C1-41CCAB8E9A28}.Debug|Any CPU.Build.0 = Debug|Any CPU
		{D2113EEB-3FD1-4B6E-A2C1-41CCAB8E9A28}.Release|Any CPU.ActiveCfg = Release|Any CPU
		{D2113EEB-3FD1-4B6E-A2C1-41CCAB8E9A28}.Release|Any CPU.Build.0 = Release|Any CPU
	EndGlobalSection
	GlobalSection(SolutionProperties) = preSolution
		HideSolutionNode = FALSE
	EndGlobalSection
	GlobalSection(ExtensibilityGlobals) = postSolution
		SolutionGuid = {E6E540EC-A91F-42D3-8B3E-C80C9D23CCB2}
	EndGlobalSection
EndGlobal
